
Microsoft Visual Studio Solution File, Format Version 12.00
# Visual Studio 15
Project("{FAE04EC0-301F-11D3-BF4B-00C04F79EFBC}") = "Assembly-CSharp", "Assembly-CSharp.csproj", "{7B1C440E-3E36-D8D5-D4B4-8ED7E604723B}"
EndProject
Project("{FAE04EC0-301F-11D3-BF4B-00C04F79EFBC}") = "Assembly-CSharp-Editor", "Assembly-CSharp-Editor.csproj", "{FFB7EEBB-C4D4-860C-97A7-6D8134138482}"
EndProject
Global
	GlobalSection(SolutionConfigurationPlatforms) = preSolution
		Debug|Any CPU = Debug|Any CPU
		Release|Any CPU = Release|Any CPU
	EndGlobalSection
	GlobalSection(ProjectConfigurationPlatforms) = postSolution
		{7B1C440E-3E36-D8D5-D4B4-8ED7E604723B}.Debug|Any CPU.ActiveCfg = Debug|Any CPU
		{7B1C440E-3E36-D8D5-D4B4-8ED7E604723B}.Debug|Any CPU.Build.0 = Debug|Any CPU
		{7B1C440E-3E36-D8D5-D4B4-8ED7E604723B}.Release|Any CPU.ActiveCfg = Release|Any CPU
		{7B1C440E-3E36-D8D5-D4B4-8ED7E604723B}.Release|Any CPU.Build.0 = Release|Any CPU
		{FFB7EEBB-C4D4-860C-97A7-6D8134138482}.Debug|Any CPU.ActiveCfg = Debug|Any CPU
		{FFB7EEBB-C4D4-860C-97A7-6D8134138482}.Debug|Any CPU.Build.0 = Debug|Any CPU
		{FFB7EEBB-C4D4-860C-97A7-6D8134138482}.Release|Any CPU.ActiveCfg = Release|Any CPU
		{FFB7EEBB-C4D4-860C-97A7-6D8134138482}.Release|Any CPU.Build.0 = Release|Any CPU
	EndGlobalSection
	GlobalSection(SolutionProperties) = preSolution
		HideSolutionNode = FALSE
	EndGlobalSection
EndGlobal
